
Microsoft Visual Studio Solution File, Format Version 12.00
# Visual Studio Version 17
VisualStudioVersion = 17.10.34928.147
MinimumVisualStudioVersion = 10.0.40219.1
Project("{9A19103F-16F7-4668-BE54-9A1E7A4F7556}") = "EF SESSION 1 ASSIGNMENT", "EF SESSION 1 ASSIGNMENT.csproj", "{AAD3B809-76EA-44C3-9D5B-3CF889856D16}"
EndProject
Global
	GlobalSection(SolutionConfigurationPlatforms) = preSolution
		Debug|Any CPU = Debug|Any CPU
		Release|Any CPU = Release|Any CPU
	EndGlobalSection
	GlobalSection(ProjectConfigurationPlatforms) = postSolution
		{AAD3B809-76EA-44C3-9D5B-3CF889856D16}.Debug|Any CPU.ActiveCfg = Debug|Any CPU
		{AAD3B809-76EA-44C3-9D5B-3CF889856D16}.Debug|Any CPU.Build.0 = Debug|Any CPU
		{AAD3B809-76EA-44C3-9D5B-3CF889856D16}.Release|Any CPU.ActiveCfg = Release|Any CPU
		{AAD3B809-76EA-44C3-9D5B-3CF889856D16}.Release|Any CPU.Build.0 = Release|Any CPU
	EndGlobalSection
	GlobalSection(SolutionProperties) = preSolution
		HideSolutionNode = FALSE
	EndGlobalSection
	GlobalSection(ExtensibilityGlobals) = postSolution
		SolutionGuid = {9E42D9D7-BC70-47F8-88E5-A9AE40F835A4}
	EndGlobalSection
EndGlobal
